github.com/RobinUS2/golang-moving-average v1.0.0 h1:PD7DDZNt+UFb9XlsBbTIu/DtXqqaD/MD86DYnk3mwvA=
github.com/RobinUS2/golang-moving-average v1.0.0/go.mod h1:MdzhY+KoEvi+OBygTPH0OSaKrOJzvILWN2SPQzaKVsY=
github.com/gorilla/websocket v1.5.0 h1:PPwGk2jz7EePpoHN/+ClbZu8SPxiqlu12wZP/3sWmnc=
github.com/gorilla/websocket v1.5.0/go.mod h1:YR8l580nyteQvAITg2hZ9XVh4b55+EU/adAjf1fMHhE=
github.com/hypebeast/go-osc v0.0.0-20220308234300-cec5a8a1e5f5 h1:fqwINudmUrvGCuw+e3tedZ2UJ0hklSw6t8UPomctKyQ=
github.com/hypebeast/go-osc v0.0.0-20220308234300-cec5a8a1e5f5/go.mod h1:lqMjoCs0y0GoRRujSPZRBaGb4c5ER6TfkFKSClxkMbY=
github.com/pkg/browser v0.0.0-20210911075715-681adbf594b8 h1:KoWmjvw+nsYOo29YJK9vDA65RGE3NrOnUtO7a+RF9HU=
github.com/pkg/browser v0.0.0-20210911075715-681adbf594b8/go.mod h1:HKlIX3XHQyzLZPlr7++PzdhaXEj94dEiJgZDTsxEqUI=
github.com/schollz/logger v1.2.0 h1:5WXfINRs3lEUTCZ7YXhj0uN+qukjizvITLm3Ca2m0Ho=
github.com/schollz/logger v1.2.0/go.mod h1:P6F4/dGMGcx8wh+kG1zrNEd4vnNpEBY/mwEMd/vn6AM=
golang.org/x/exp v0.0.0-20230321023759-10a507213a29 h1:ooxPy7fPvB4kwsA2h+iBNHkAbp/4JxTSwCmvdjEYmug=
golang.org/x/exp v0.0.0-20230321023759-10a507213a29/go.mod h1:CxIveKay+FTh1D0yPZemJVgC/95VzuuOLq5Qi4xnoYc=
golang.org/x/sys v0.0.0-20210616045830-e2b7044e8c71 h1:X/2sJAybVknnUnV7AD2HdT6rm2p5BP6eH2j+igduWgk=
golang.org/x/sys v0.0.0-20210616045830-e2b7044e8c71/go.mod h1:oPkhp1MJrh7nUepCBck5+mAzfO9JrbApNNgaTdGDITg=
gonum.org/v1/gonum v0.14.0 h1:2NiG67LD1tEH0D7kM+ps2V+fXmsAnpUeec7n8tcr4S0=
gonum.org/v1/gonum v0.14.0/go.mod h1:AoWeoz0becf9QMWtE8iWXNXc27fK4fNeHNf/oMejGfU=
